
Microsoft Visual Studio Solution File, Format Version 12.00
# Visual Studio Version 17
VisualStudioVersion = 17.14.36705.20 d17.14
MinimumVisualStudioVersion = 10.0.40219.1
Project("{FAE04EC0-301F-11D3-BF4B-00C04F79EFBC}") = "RevenuQuebec.Core", "RevenuQuebec.Core\RevenuQuebec.Core.csproj", "{734F78C5-CADC-461D-B9AE-90238BE22366}"
EndProject
Project("{FAE04EC0-301F-11D3-BF4B-00C04F79EFBC}") = "RevenuQuebec.Infrastructure", "RevenuQuebec.Infrastructure\RevenuQuebec.Infrastructure.csproj", "{1DA2DAA0-6E33-4F62-97D9-0E9EBB7CAB57}"
EndProject
Project("{FAE04EC0-301F-11D3-BF4B-00C04F79EFBC}") = "RevenuQuebec.ConsoleTestApp", "RevenuQuebec.ConsoleTestApp\RevenuQuebec.ConsoleTestApp.csproj", "{A2A57AD0-CD70-4235-875E-753FE544ED75}"
EndProject
Project("{FAE04EC0-301F-11D3-BF4B-00C04F79EFBC}") = "RevenuQuebec.SharedKernel", "RevenuQuebec.SharedKernel\RevenuQuebec.SharedKernel.csproj", "{3060E5B3-5D2B-457A-9588-5AFD8CD8998A}"
EndProject
Global
	GlobalSection(SolutionConfigurationPlatforms) = preSolution
		Debug|Any CPU = Debug|Any CPU
		Release|Any CPU = Release|Any CPU
	EndGlobalSection
	GlobalSection(ProjectConfigurationPlatforms) = postSolution
		{734F78C5-CADC-461D-B9AE-90238BE22366}.Debug|Any CPU.ActiveCfg = Debug|Any CPU
		{734F78C5-CADC-461D-B9AE-90238BE22366}.Debug|Any CPU.Build.0 = Debug|Any CPU
		{734F78C5-CADC-461D-B9AE-90238BE22366}.Release|Any CPU.ActiveCfg = Release|Any CPU
		{734F78C5-CADC-461D-B9AE-90238BE22366}.Release|Any CPU.Build.0 = Release|Any CPU
		{1DA2DAA0-6E33-4F62-97D9-0E9EBB7CAB57}.Debug|Any CPU.ActiveCfg = Debug|Any CPU
		{1DA2DAA0-6E33-4F62-97D9-0E9EBB7CAB57}.Debug|Any CPU.Build.0 = Debug|Any CPU
		{1DA2DAA0-6E33-4F62-97D9-0E9EBB7CAB57}.Release|Any CPU.ActiveCfg = Release|Any CPU
		{1DA2DAA0-6E33-4F62-97D9-0E9EBB7CAB57}.Release|Any CPU.Build.0 = Release|Any CPU
		{A2A57AD0-CD70-4235-875E-753FE544ED75}.Debug|Any CPU.ActiveCfg = Debug|Any CPU
		{A2A57AD0-CD70-4235-875E-753FE544ED75}.Debug|Any CPU.Build.0 = Debug|Any CPU
		{A2A57AD0-CD70-4235-875E-753FE544ED75}.Release|Any CPU.ActiveCfg = Release|Any CPU
		{A2A57AD0-CD70-4235-875E-753FE544ED75}.Release|Any CPU.Build.0 = Release|Any CPU
		{3060E5B3-5D2B-457A-9588-5AFD8CD8998A}.Debug|Any CPU.ActiveCfg = Debug|Any CPU
		{3060E5B3-5D2B-457A-9588-5AFD8CD8998A}.Debug|Any CPU.Build.0 = Debug|Any CPU
		{3060E5B3-5D2B-457A-9588-5AFD8CD8998A}.Release|Any CPU.ActiveCfg = Release|Any CPU
		{3060E5B3-5D2B-457A-9588-5AFD8CD8998A}.Release|Any CPU.Build.0 = Release|Any CPU
	EndGlobalSection
	GlobalSection(SolutionProperties) = preSolution
		HideSolutionNode = FALSE
	EndGlobalSection
	GlobalSection(ExtensibilityGlobals) = postSolution
		SolutionGuid = {FE565188-E5CA-477C-B173-BD7B786E7E9D}
	EndGlobalSection
EndGlobal
